// !$*UTF8*$!
{
	archiveVersion = 1;
	classes = {
	};
	objectVersion = 46;
	objects = {

/* Begin PBXBuildFile section */
		30FE0D1C506AE6E405901EC8 /* Pods_synChroma.framework in Frameworks */ = {isa = PBXBuildFile; fileRef = A4B5ECA36F7F32AB2FC81007 /* Pods_synChroma.framework */; };
		C86B370A1DA08B24002DD4EC /* GPUImage.framework in CopyFiles */ = {isa = PBXBuildFile; fileRef = C8FB9CD71DA08AA800FBB7A8 /* GPUImage.framework */; settings = {ATTRIBUTES = (CodeSignOnCopy, RemoveHeadersOnCopy, ); }; };
		C8D4070A1DA030C1003C826A /* AppDelegate.swift in Sources */ = {isa = PBXBuildFile; fileRef = C8D407091DA030C1003C826A /* AppDelegate.swift */; };
		C8D4070F1DA030C1003C826A /* Main.storyboard in Resources */ = {isa = PBXBuildFile; fileRef = C8D4070D1DA030C1003C826A /* Main.storyboard */; };
		C8D407111DA030C1003C826A /* Assets.xcassets in Resources */ = {isa = PBXBuildFile; fileRef = C8D407101DA030C1003C826A /* Assets.xcassets */; };
		C8D407141DA030C1003C826A /* LaunchScreen.storyboard in Resources */ = {isa = PBXBuildFile; fileRef = C8D407121DA030C1003C826A /* LaunchScreen.storyboard */; };
		C8D4071C1DA036EF003C826A /* ChromaMessengerViewController.swift in Sources */ = {isa = PBXBuildFile; fileRef = C8D4071B1DA036EF003C826A /* ChromaMessengerViewController.swift */; };
		C8DA33DE1DA105A000731F18 /* LocationSearchTable.swift in Sources */ = {isa = PBXBuildFile; fileRef = C8DA33DD1DA105A000731F18 /* LocationSearchTable.swift */; };
		C8E183031DA0E841001F8D62 /* Background.mp4 in Resources */ = {isa = PBXBuildFile; fileRef = C8E183021DA0E841001F8D62 /* Background.mp4 */; };
		C8E183071DA0E86A001F8D62 /* LoginViewController.swift in Sources */ = {isa = PBXBuildFile; fileRef = C8E183061DA0E86A001F8D62 /* LoginViewController.swift */; };
		C8E1830B1DA10268001F8D62 /* SyncRouteViewController.swift in Sources */ = {isa = PBXBuildFile; fileRef = C8E1830A1DA10268001F8D62 /* SyncRouteViewController.swift */; };
		C8FB9CDC1DA08AFF00FBB7A8 /* GPUImage.framework in Frameworks */ = {isa = PBXBuildFile; fileRef = C8FB9CD71DA08AA800FBB7A8 /* GPUImage.framework */; };
/* End PBXBuildFile section */

/* Begin PBXContainerItemProxy section */
		C8FB9CD41DA08AA800FBB7A8 /* PBXContainerItemProxy */ = {
			isa = PBXContainerItemProxy;
			containerPortal = C8FB9CCE1DA08AA700FBB7A8 /* GPUImage.xcodeproj */;
			proxyType = 2;
			remoteGlobalIDString = BCF1A33414DDB1EC00852800;
			remoteInfo = GPUImage;
		};
		C8FB9CD61DA08AA800FBB7A8 /* PBXContainerItemProxy */ = {
			isa = PBXContainerItemProxy;
			containerPortal = C8FB9CCE1DA08AA700FBB7A8 /* GPUImage.xcodeproj */;
			proxyType = 2;
			remoteGlobalIDString = BCE209E51943F20C002FEED8;
			remoteInfo = GPUImageFramework;
		};
		C8FB9CDA1DA08AE200FBB7A8 /* PBXContainerItemProxy */ = {
			isa = PBXContainerItemProxy;
			containerPortal = C8FB9CCE1DA08AA700FBB7A8 /* GPUImage.xcodeproj */;
			proxyType = 1;
			remoteGlobalIDString = BCE209E41943F20C002FEED8;
			remoteInfo = GPUImageFramework;
		};
/* End PBXContainerItemProxy section */

/* Begin PBXCopyFilesBuildPhase section */
		C86B37071DA08B1C002DD4EC /* CopyFiles */ = {
			isa = PBXCopyFilesBuildPhase;
			buildActionMask = 2147483647;
			dstPath = "";
			dstSubfolderSpec = 10;
			files = (
				C86B370A1DA08B24002DD4EC /* GPUImage.framework in CopyFiles */,
			);
			runOnlyForDeploymentPostprocessing = 0;
		};
/* End PBXCopyFilesBuildPhase section */

/* Begin PBXFileReference section */
		854C2D2545142308430E23BC /* Pods-synChroma.release.xcconfig */ = {isa = PBXFileReference; includeInIndex = 1; lastKnownFileType = text.xcconfig; name = "Pods-synChroma.release.xcconfig"; path = "Pods/Target Support Files/Pods-synChroma/Pods-synChroma.release.xcconfig"; sourceTree = "<group>"; };
		A4B5ECA36F7F32AB2FC81007 /* Pods_synChroma.framework */ = {isa = PBXFileReference; explicitFileType = wrapper.framework; includeInIndex = 0; path = Pods_synChroma.framework; sourceTree = BUILT_PRODUCTS_DIR; };
		C8D407061DA030C1003C826A /* synChroma.app */ = {isa = PBXFileReference; explicitFileType = wrapper.application; includeInIndex = 0; path = synChroma.app; sourceTree = BUILT_PRODUCTS_DIR; };
		C8D407091DA030C1003C826A /* AppDelegate.swift */ = {isa = PBXFileReference; lastKnownFileType = sourcecode.swift; path = AppDelegate.swift; sourceTree = "<group>"; };
		C8D4070E1DA030C1003C826A /* Base */ = {isa = PBXFileReference; lastKnownFileType = file.storyboard; name = Base; path = Base.lproj/Main.storyboard; sourceTree = "<group>"; };
		C8D407101DA030C1003C826A /* Assets.xcassets */ = {isa = PBXFileReference; lastKnownFileType = folder.assetcatalog; path = Assets.xcassets; sourceTree = "<group>"; };
		C8D407131DA030C1003C826A /* Base */ = {isa = PBXFileReference; lastKnownFileType = file.storyboard; name = Base; path = Base.lproj/LaunchScreen.storyboard; sourceTree = "<group>"; };
		C8D407151DA030C1003C826A /* Info.plist */ = {isa = PBXFileReference; lastKnownFileType = text.plist.xml; path = Info.plist; sourceTree = "<group>"; };
		C8D4071B1DA036EF003C826A /* ChromaMessengerViewController.swift */ = {isa = PBXFileReference; fileEncoding = 4; lastKnownFileType = sourcecode.swift; path = ChromaMessengerViewController.swift; sourceTree = "<group>"; };
		C8DA33DD1DA105A000731F18 /* LocationSearchTable.swift */ = {isa = PBXFileReference; fileEncoding = 4; lastKnownFileType = sourcecode.swift; path = LocationSearchTable.swift; sourceTree = "<group>"; };
		C8E183021DA0E841001F8D62 /* Background.mp4 */ = {isa = PBXFileReference; lastKnownFileType = file; path = Background.mp4; sourceTree = "<group>"; };
		C8E183061DA0E86A001F8D62 /* LoginViewController.swift */ = {isa = PBXFileReference; fileEncoding = 4; lastKnownFileType = sourcecode.swift; path = LoginViewController.swift; sourceTree = "<group>"; };
		C8E1830A1DA10268001F8D62 /* SyncRouteViewController.swift */ = {isa = PBXFileReference; fileEncoding = 4; lastKnownFileType = sourcecode.swift; path = SyncRouteViewController.swift; sourceTree = "<group>"; };
		C8FB9CCE1DA08AA700FBB7A8 /* GPUImage.xcodeproj */ = {isa = PBXFileReference; lastKnownFileType = "wrapper.pb-project"; name = GPUImage.xcodeproj; path = "../../../Downloads/GPUImage-master/framework/GPUImage.xcodeproj"; sourceTree = "<group>"; };
		ECA9E6FF1B8223FD38C29D84 /* Pods-synChroma.debug.xcconfig */ = {isa = PBXFileReference; includeInIndex = 1; lastKnownFileType = text.xcconfig; name = "Pods-synChroma.debug.xcconfig"; path = "Pods/Target Support Files/Pods-synChroma/Pods-synChroma.debug.xcconfig"; sourceTree = "<group>"; };
/* End PBXFileReference section */

/* Begin PBXFrameworksBuildPhase section */
		C8D407031DA030C0003C826A /* Frameworks */ = {
			isa = PBXFrameworksBuildPhase;
			buildActionMask = 2147483647;
			files = (
				C8FB9CDC1DA08AFF00FBB7A8 /* GPUImage.framework in Frameworks */,
				30FE0D1C506AE6E405901EC8 /* Pods_synChroma.framework in Frameworks */,
			);
			runOnlyForDeploymentPostprocessing = 0;
		};
/* End PBXFrameworksBuildPhase section */

/* Begin PBXGroup section */
		BF243E08EF8810F9802EF3C4 /* Pods */ = {
			isa = PBXGroup;
			children = (
				ECA9E6FF1B8223FD38C29D84 /* Pods-synChroma.debug.xcconfig */,
				854C2D2545142308430E23BC /* Pods-synChroma.release.xcconfig */,
			);
			name = Pods;
			sourceTree = "<group>";
		};
		C8D406FD1DA030C0003C826A = {
			isa = PBXGroup;
			children = (
				C8FB9CCE1DA08AA700FBB7A8 /* GPUImage.xcodeproj */,
				C8D407081DA030C1003C826A /* synChroma */,
				C8D407071DA030C1003C826A /* Products */,
				BF243E08EF8810F9802EF3C4 /* Pods */,
				E92B3E7216D8ED3F56578D77 /* Frameworks */,
			);
			sourceTree = "<group>";
		};
		C8D407071DA030C1003C826A /* Products */ = {
			isa = PBXGroup;
			children = (
				C8D407061DA030C1003C826A /* synChroma.app */,
			);
			name = Products;
			sourceTree = "<group>";
		};
		C8D407081DA030C1003C826A /* synChroma */ = {
			isa = PBXGroup;
			children = (
				C8D407091DA030C1003C826A /* AppDelegate.swift */,
				C8E183061DA0E86A001F8D62 /* LoginViewController.swift */,
				C8D4071B1DA036EF003C826A /* ChromaMessengerViewController.swift */,
				C8E1830A1DA10268001F8D62 /* SyncRouteViewController.swift */,
				C8DA33DD1DA105A000731F18 /* LocationSearchTable.swift */,
				C8D4070D1DA030C1003C826A /* Main.storyboard */,
				C8D407101DA030C1003C826A /* Assets.xcassets */,
				C8D407121DA030C1003C826A /* LaunchScreen.storyboard */,
				C8D407151DA030C1003C826A /* Info.plist */,
				C8E183021DA0E841001F8D62 /* Background.mp4 */,
			);
			path = synChroma;
			sourceTree = "<group>";
		};
		C8FB9CCF1DA08AA700FBB7A8 /* Products */ = {
			isa = PBXGroup;
			children = (
				C8FB9CD51DA08AA800FBB7A8 /* libGPUImage.a */,
				C8FB9CD71DA08AA800FBB7A8 /* GPUImage.framework */,
			);
			name = Products;
			sourceTree = "<group>";
		};
		E92B3E7216D8ED3F56578D77 /* Frameworks */ = {
			isa = PBXGroup;
			children = (
				A4B5ECA36F7F32AB2FC81007 /* Pods_synChroma.framework */,
			);
			name = Frameworks;
			sourceTree = "<group>";
		};
/* End PBXGroup section */

/* Begin PBXNativeTarget section */
		C8D407051DA030C0003C826A /* synChroma */ = {
			isa = PBXNativeTarget;
			buildConfigurationList = C8D407181DA030C1003C826A /* Build configuration list for PBXNativeTarget "synChroma" */;
			buildPhases = (
				9FD4C3FAC6B4CF17A4E708B8 /* [CP] Check Pods Manifest.lock */,
				C8D407021DA030C0003C826A /* Sources */,
				C8D407031DA030C0003C826A /* Frameworks */,
				C8D407041DA030C0003C826A /* Resources */,
				C86B37071DA08B1C002DD4EC /* CopyFiles */,
				C5BB5AE994678FE91DF8EEE7 /* [CP] Embed Pods Frameworks */,
				E4A503B3D1A0E7E2143DFC66 /* [CP] Copy Pods Resources */,
			);
			buildRules = (
			);
			dependencies = (
				C8FB9CDB1DA08AE200FBB7A8 /* PBXTargetDependency */,
			);
			name = synChroma;
			productName = synChroma;
			productReference = C8D407061DA030C1003C826A /* synChroma.app */;
			productType = "com.apple.product-type.application";
		};
/* End PBXNativeTarget section */

/* Begin PBXProject section */
		C8D406FE1DA030C0003C826A /* Project object */ = {
			isa = PBXProject;
			attributes = {
				LastSwiftUpdateCheck = 0800;
				LastUpgradeCheck = 0800;
				ORGANIZATIONNAME = "Wilson Ding";
				TargetAttributes = {
					C8D407051DA030C0003C826A = {
						CreatedOnToolsVersion = 8.0;
						DevelopmentTeam = 585SNYAD83;
						ProvisioningStyle = Automatic;
					};
				};
			};
			buildConfigurationList = C8D407011DA030C0003C826A /* Build configuration list for PBXProject "synChroma" */;
			compatibilityVersion = "Xcode 3.2";
			developmentRegion = English;
			hasScannedForEncodings = 0;
			knownRegions = (
				en,
				Base,
			);
			mainGroup = C8D406FD1DA030C0003C826A;
			productRefGroup = C8D407071DA030C1003C826A /* Products */;
			projectDirPath = "";
			projectReferences = (
				{
					ProductGroup = C8FB9CCF1DA08AA700FBB7A8 /* Products */;
					ProjectRef = C8FB9CCE1DA08AA700FBB7A8 /* GPUImage.xcodeproj */;
				},
			);
			projectRoot = "";
			targets = (
				C8D407051DA030C0003C826A /* synChroma */,
			);
		};
/* End PBXProject section */

/* Begin PBXReferenceProxy section */
		C8FB9CD51DA08AA800FBB7A8 /* libGPUImage.a */ = {
			isa = PBXReferenceProxy;
			fileType = archive.ar;
			path = libGPUImage.a;
			remoteRef = C8FB9CD41DA08AA800FBB7A8 /* PBXContainerItemProxy */;
			sourceTree = BUILT_PRODUCTS_DIR;
		};
		C8FB9CD71DA08AA800FBB7A8 /* GPUImage.framework */ = {
			isa = PBXReferenceProxy;
			fileType = wrapper.framework;
			path = GPUImage.framework;
			remoteRef = C8FB9CD61DA08AA800FBB7A8 /* PBXContainerItemProxy */;
			sourceTree = BUILT_PRODUCTS_DIR;
		};
/* End PBXReferenceProxy section */

/* Begin PBXResourcesBuildPhase section */
		C8D407041DA030C0003C826A /* Resources */ = {
			isa = PBXResourcesBuildPhase;
			buildActionMask = 2147483647;
			files = (
				C8D407141DA030C1003C826A /* LaunchScreen.storyboard in Resources */,
				C8E183031DA0E841001F8D62 /* Background.mp4 in Resources */,
				C8D407111DA030C1003C826A /* Assets.xcassets in Resources */,
				C8D4070F1DA030C1003C826A /* Main.storyboard in Resources */,
			);
			runOnlyForDeploymentPostprocessing = 0;
		};
/* End PBXResourcesBuildPhase section */

/* Begin PBXShellScriptBuildPhase section */
		9FD4C3FAC6B4CF17A4E708B8 /* [CP] Check Pods Manifest.lock */ = {
			isa = PBXShellScriptBuildPhase;
			buildActionMask = 2147483647;
			files = (
			);
			inputPaths = (
			);
			name = "[CP] Check Pods Manifest.lock";
			outputPaths = (
			);
			runOnlyForDeploymentPostprocessing = 0;
			shellPath = /bin/sh;
			shellScript = "diff \"${PODS_ROOT}/../Podfile.lock\" \"${PODS_ROOT}/Manifest.lock\" > /dev/null\nif [ $? != 0 ] ; then\n    # print error to STDERR\n    echo \"error: The sandbox is not in sync with the Podfile.lock. Run 'pod install' or update your CocoaPods installation.\" >&2\n    exit 1\nfi\n";
			showEnvVarsInLog = 0;
		};
		C5BB5AE994678FE91DF8EEE7 /* [CP] Embed Pods Frameworks */ = {
			isa = PBXShellScriptBuildPhase;
			buildActionMask = 2147483647;
			files = (
			);
			inputPaths = (
			);
			name = "[CP] Embed Pods Frameworks";
			outputPaths = (
			);
			runOnlyForDeploymentPostprocessing = 0;
			shellPath = /bin/sh;
			shellScript = "\"${SRCROOT}/Pods/Target Support Files/Pods-synChroma/Pods-synChroma-frameworks.sh\"\n";
			showEnvVarsInLog = 0;
		};
		E4A503B3D1A0E7E2143DFC66 /* [CP] Copy Pods Resources */ = {
			isa = PBXShellScriptBuildPhase;
			buildActionMask = 2147483647;
			files = (
			);
			inputPaths = (
			);
			name = "[CP] Copy Pods Resources";
			outputPaths = (
			);
			runOnlyForDeploymentPostprocessing = 0;
			shellPath = /bin/sh;
			shellScript = "\"${SRCROOT}/Pods/Target Support Files/Pods-synChroma/Pods-synChroma-resources.sh\"\n";
			showEnvVarsInLog = 0;
		};
/* End PBXShellScriptBuildPhase section */

/* Begin PBXSourcesBuildPhase section */
		C8D407021DA030C0003C826A /* Sources */ = {
			isa = PBXSourcesBuildPhase;
			buildActionMask = 2147483647;
			files = (
				C8E183071DA0E86A001F8D62 /* LoginViewController.swift in Sources */,
				C8DA33DE1DA105A000731F18 /* LocationSearchTable.swift in Sources */,
				C8D4071C1DA036EF003C826A /* ChromaMessengerViewController.swift in Sources */,
				C8D4070A1DA030C1003C826A /* AppDelegate.swift in Sources */,
				C8E1830B1DA10268001F8D62 /* SyncRouteViewController.swift in Sources */,
			);
			runOnlyForDeploymentPostprocessing = 0;
		};
/* End PBXSourcesBuildPhase section */

/* Begin PBXTargetDependency section */
		C8FB9CDB1DA08AE200FBB7A8 /* PBXTargetDependency */ = {
			isa = PBXTargetDependency;
			name = GPUImageFramework;
			targetProxy = C8FB9CDA1DA08AE200FBB7A8 /* PBXContainerItemProxy */;
		};
/* End PBXTargetDependency section */

/* Begin PBXVariantGroup section */
		C8D4070D1DA030C1003C826A /* Main.storyboard */ = {
			isa = PBXVariantGroup;
			children = (
				C8D4070E1DA030C1003C826A /* Base */,
			);
			name = Main.storyboard;
			sourceTree = "<group>";
		};
		C8D407121DA030C1003C826A /* LaunchScreen.storyboard */ = {
			isa = PBXVariantGroup;
			children = (
				C8D407131DA030C1003C826A /* Base */,
			);
			name = LaunchScreen.storyboard;
			sourceTree = "<group>";
		};
/* End PBXVariantGroup section */

/* Begin XCBuildConfiguration section */
		C8D407161DA030C1003C826A /* Debug */ = {
			isa = XCBuildConfiguration;
			buildSettings = {
				ALWAYS_SEARCH_USER_PATHS = NO;
				CLANG_ANALYZER_NONNULL = YES;
				CLANG_CXX_LANGUAGE_STANDARD = "gnu++0x";
				CLANG_CXX_LIBRARY = "libc++";
				CLANG_ENABLE_MODULES = YES;
				CLANG_ENABLE_OBJC_ARC = YES;
				CLANG_WARN_BOOL_CONVERSION = YES;
				CLANG_WARN_CONSTANT_CONVERSION = YES;
				CLANG_WARN_DIRECT_OBJC_ISA_USAGE = YES_ERROR;
				CLANG_WARN_DOCUMENTATION_COMMENTS = YES;
				CLANG_WARN_EMPTY_BODY = YES;
				CLANG_WARN_ENUM_CONVERSION = YES;
				CLANG_WARN_INFINITE_RECURSION = YES;
				CLANG_WARN_INT_CONVERSION = YES;
				CLANG_WARN_OBJC_ROOT_CLASS = YES_ERROR;
				CLANG_WARN_SUSPICIOUS_MOVES = YES;
				CLANG_WARN_UNREACHABLE_CODE = YES;
				CLANG_WARN__DUPLICATE_METHOD_MATCH = YES;
				"CODE_SIGN_IDENTITY[sdk=iphoneos*]" = "iPhone Developer";
				COPY_PHASE_STRIP = NO;
				DEBUG_INFORMATION_FORMAT = dwarf;
				ENABLE_STRICT_OBJC_MSGSEND = YES;
				ENABLE_TESTABILITY = YES;
				GCC_C_LANGUAGE_STANDARD = gnu99;
				GCC_DYNAMIC_NO_PIC = NO;
				GCC_NO_COMMON_BLOCKS = YES;
				GCC_OPTIMIZATION_LEVEL = 0;
				GCC_PREPROCESSOR_DEFINITIONS = (
					"DEBUG=1",
					"$(inherited)",
				);
				GCC_WARN_64_TO_32_BIT_CONVERSION = YES;
				GCC_WARN_ABOUT_RETURN_TYPE = YES_ERROR;
				GCC_WARN_UNDECLARED_SELECTOR = YES;
				GCC_WARN_UNINITIALIZED_AUTOS = YES_AGGRESSIVE;
				GCC_WARN_UNUSED_FUNCTION = YES;
				GCC_WARN_UNUSED_VARIABLE = YES;
				IPHONEOS_DEPLOYMENT_TARGET = 10.0;
				MTL_ENABLE_DEBUG_INFO = YES;
				ONLY_ACTIVE_ARCH = YES;
				SDKROOT = iphoneos;
				SWIFT_ACTIVE_COMPILATION_CONDITIONS = DEBUG;
				SWIFT_OPTIMIZATION_LEVEL = "-Onone";
				TARGETED_DEVICE_FAMILY = "1,2";
			};
			name = Debug;
		};
		C8D407171DA030C1003C826A /* Release */ = {
			isa = XCBuildConfiguration;
			buildSettings = {
				ALWAYS_SEARCH_USER_PATHS = NO;
				CLANG_ANALYZER_NONNULL = YES;
				CLANG_CXX_LANGUAGE_STANDARD = "gnu++0x";
				CLANG_CXX_LIBRARY = "libc++";
				CLANG_ENABLE_MODULES = YES;
				CLANG_ENABLE_OBJC_ARC = YES;
				CLANG_WARN_BOOL_CONVERSION = YES;
				CLANG_WARN_CONSTANT_CONVERSION = YES;
				CLANG_WARN_DIRECT_OBJC_ISA_USAGE = YES_ERROR;
				CLANG_WARN_DOCUMENTATION_COMMENTS = YES;
				CLANG_WARN_EMPTY_BODY = YES;
				CLANG_WARN_ENUM_CONVERSION = YES;
				CLANG_WARN_INFINITE_RECURSION = YES;
				CLANG_WARN_INT_CONVERSION = YES;
				CLANG_WARN_OBJC_ROOT_CLASS = YES_ERROR;
				CLANG_WARN_SUSPICIOUS_MOVES = YES;
				CLANG_WARN_UNREACHABLE_CODE = YES;
				CLANG_WARN__DUPLICATE_METHOD_MATCH = YES;
				"CODE_SIGN_IDENTITY[sdk=iphoneos*]" = "iPhone Developer";
				COPY_PHASE_STRIP = NO;
				DEBUG_INFORMATION_FORMAT = "dwarf-with-dsym";
				ENABLE_NS_ASSERTIONS = NO;
				ENABLE_STRICT_OBJC_MSGSEND = YES;
				GCC_C_LANGUAGE_STANDARD = gnu99;
				GCC_NO_COMMON_BLOCKS = YES;
				GCC_WARN_64_TO_32_BIT_CONVERSION = YES;
				GCC_WARN_ABOUT_RETURN_TYPE = YES_ERROR;
				GCC_WARN_UNDECLARED_SELECTOR = YES;
				GCC_WARN_UNINITIALIZED_AUTOS = YES_AGGRESSIVE;
				GCC_WARN_UNUSED_FUNCTION = YES;
				GCC_WARN_UNUSED_VARIABLE = YES;
				IPHONEOS_DEPLOYMENT_TARGET = 10.0;
				MTL_ENABLE_DEBUG_INFO = NO;
				SDKROOT = iphoneos;
				SWIFT_OPTIMIZATION_LEVEL = "-Owholemodule";
				TARGETED_DEVICE_FAMILY = "1,2";
				VALIDATE_PRODUCT = YES;
			};
			name = Release;
		};
		C8D407191DA030C1003C826A /* Debug */ = {
			isa = XCBuildConfiguration;
			baseConfigurationReference = ECA9E6FF1B8223FD38C29D84 /* Pods-synChroma.debug.xcconfig */;
			buildSettings = {
				ASSETCATALOG_COMPILER_APPICON_NAME = AppIcon;
				DEVELOPMENT_TEAM = 585SNYAD83;
				INFOPLIST_FILE = synChroma/Info.plist;
				LD_RUNPATH_SEARCH_PATHS = "$(inherited) @executable_path/Frameworks";
				PRODUCT_BUNDLE_IDENTIFIER = com.wilsonding.synChroma;
				PRODUCT_NAME = "$(TARGET_NAME)";
				SWIFT_VERSION = 3.0;
			};
			name = Debug;
		};
		C8D4071A1DA030C1003C826A /* Release */ = {
			isa = XCBuildConfiguration;
			baseConfigurationReference = 854C2D2545142308430E23BC /* Pods-synChroma.release.xcconfig */;
			buildSettings = {
				ASSETCATALOG_COMPILER_APPICON_NAME = AppIcon;
				DEVELOPMENT_TEAM = 585SNYAD83;
				INFOPLIST_FILE = synChroma/Info.plist;
				LD_RUNPATH_SEARCH_PATHS = "$(inherited) @executable_path/Frameworks";
				PRODUCT_BUNDLE_IDENTIFIER = com.wilsonding.synChroma;
				PRODUCT_NAME = "$(TARGET_NAME)";
				SWIFT_VERSION = 3.0;
			};
			name = Release;
		};
/* End XCBuildConfiguration section */

/* Begin XCConfigurationList section */
		C8D407011DA030C0003C826A /* Build configuration list for PBXProject "synChroma" */ = {
			isa = XCConfigurationList;
			buildConfigurations = (
				C8D407161DA030C1003C826A /* Debug */,
				C8D407171DA030C1003C826A /* Release */,
			);
			defaultConfigurationIsVisible = 0;
			defaultConfigurationName = Release;
		};
		C8D407181DA030C1003C826A /* Build configuration list for PBXNativeTarget "synChroma" */ = {
			isa = XCConfigurationList;
			buildConfigurations = (
				C8D407191DA030C1003C826A /* Debug */,
				C8D4071A1DA030C1003C826A /* Release */,
			);
			defaultConfigurationIsVisible = 0;
			defaultConfigurationName = Release;
		};
/* End XCConfigurationList section */
	};
	rootObject = C8D406FE1DA030C0003C826A /* Project object */;
}
